
Microsoft Visual Studio Solution File, Format Version 12.00
# Visual Studio 15
VisualStudioVersion = 15.0.28307.1401
MinimumVisualStudioVersion = 10.0.40219.1
Project("{888888A0-9F3D-457C-B088-3A5042F75D52}") = "SerialTest", "SerialTest\SerialTest.pyproj", "{B5EC4C34-6F9B-4211-B09A-A83DD43F21D4}"
EndProject
Global
	GlobalSection(SolutionConfigurationPlatforms) = preSolution
		Debug|Any CPU = Debug|Any CPU
		Release|Any CPU = Release|Any CPU
	EndGlobalSection
	GlobalSection(ProjectConfigurationPlatforms) = postSolution
		{B5EC4C34-6F9B-4211-B09A-A83DD43F21D4}.Debug|Any CPU.ActiveCfg = Debug|Any CPU
		{B5EC4C34-6F9B-4211-B09A-A83DD43F21D4}.Release|Any CPU.ActiveCfg = Release|Any CPU
	EndGlobalSection
	GlobalSection(SolutionProperties) = preSolution
		HideSolutionNode = FALSE
	EndGlobalSection
	GlobalSection(ExtensibilityGlobals) = postSolution
		SolutionGuid = {896AEAF5-F611-477D-9E19-4839B95A9A87}
	EndGlobalSection
EndGlobal
