
Microsoft Visual Studio Solution File, Format Version 12.00
# Visual Studio 15
VisualStudioVersion = 15.0.28307.1401
MinimumVisualStudioVersion = 10.0.40219.1
Project("{888888A0-9F3D-457C-B088-3A5042F75D52}") = "Game", "Game\Game.pyproj", "{247CC75A-36DC-4070-8DF1-9A06BC3D5184}"
EndProject
Global
	GlobalSection(SolutionConfigurationPlatforms) = preSolution
		Debug|Any CPU = Debug|Any CPU
		Release|Any CPU = Release|Any CPU
	EndGlobalSection
	GlobalSection(ProjectConfigurationPlatforms) = postSolution
		{247CC75A-36DC-4070-8DF1-9A06BC3D5184}.Debug|Any CPU.ActiveCfg = Debug|Any CPU
		{247CC75A-36DC-4070-8DF1-9A06BC3D5184}.Release|Any CPU.ActiveCfg = Release|Any CPU
	EndGlobalSection
	GlobalSection(SolutionProperties) = preSolution
		HideSolutionNode = FALSE
	EndGlobalSection
	GlobalSection(ExtensibilityGlobals) = postSolution
		SolutionGuid = {A511561B-0283-4F06-A93B-0604FB94DD47}
	EndGlobalSection
EndGlobal
